github.com/montanaflynn/gountries v0.0.0-20191029140926-233bc78cf5b5 h1:SV6FJ2D8c00fFsZCNghvgpTed9InaywJw802S8SS2sc=
github.com/montanaflynn/gountries v0.0.0-20191029140926-233bc78cf5b5/go.mod h1:zO4sprknFh6WdMyXFzaCMOHaVtEn8WGDEWMmB+SwCZE=
github.com/pariz/gountries v0.0.0-20191029140926-233bc78cf5b5 h1:842t0ixg/A4my8/Q3oDNdHIsKYIx02NDlWVEhaiBToo=
github.com/pariz/gountries v0.0.0-20191029140926-233bc78cf5b5/go.mod h1:U0ETmPPEsfd7CpUKNMYi68xIOL8Ww4jPZlaqNngcwqs=
gopkg.in/check.v1 v0.0.0-20161208181325-20d25e280405/go.mod h1:Co6ibVJAznAaIkqp8huTwlJQCZ016jof/cbN4VW5Yz0=
gopkg.in/yaml.v2 v2.2.8 h1:obN1ZagJSUGI0Ek/LBmuj4SNLPfIny3KsKFopxRdj10=
gopkg.in/yaml.v2 v2.2.8/go.mod h1:hI93XBmqTisBFMUTm0b8Fm+jr3Dg1NNxqwp+5A1VGuI=
